// !$*UTF8*$!
{
	archiveVersion = 1;
	classes = {
	};
	objectVersion = 55;
	objects = {

/* Begin PBXBuildFile section */
		AB23F0EF284F469700143427 /* CareerCell.swift in Sources */ = {isa = PBXBuildFile; fileRef = AB23F0EE284F469700143427 /* CareerCell.swift */; };
		AB34B98E290C761500BD6398 /* AboutMeViewModel.swift in Sources */ = {isa = PBXBuildFile; fileRef = AB34B98D290C761500BD6398 /* AboutMeViewModel.swift */; };
		AB44EB4627DD52E9005981C1 /* HeyImMarioApp.swift in Sources */ = {isa = PBXBuildFile; fileRef = AB44EB4527DD52E9005981C1 /* HeyImMarioApp.swift */; };
		AB44EB4827DD52E9005981C1 /* ContentView.swift in Sources */ = {isa = PBXBuildFile; fileRef = AB44EB4727DD52E9005981C1 /* ContentView.swift */; };
		AB44EB4A27DD52ED005981C1 /* Assets.xcassets in Resources */ = {isa = PBXBuildFile; fileRef = AB44EB4927DD52ED005981C1 /* Assets.xcassets */; };
		AB44EB4D27DD52ED005981C1 /* Preview Assets.xcassets in Resources */ = {isa = PBXBuildFile; fileRef = AB44EB4C27DD52ED005981C1 /* Preview Assets.xcassets */; };
		AB44EB5427DD5345005981C1 /* AboutMeView.swift in Sources */ = {isa = PBXBuildFile; fileRef = AB44EB5327DD5345005981C1 /* AboutMeView.swift */; };
		AB44EB5627DD53E8005981C1 /* CareerView.swift in Sources */ = {isa = PBXBuildFile; fileRef = AB44EB5527DD53E8005981C1 /* CareerView.swift */; };
		AB44EB5827DD5400005981C1 /* EducationSkillsView.swift in Sources */ = {isa = PBXBuildFile; fileRef = AB44EB5727DD5400005981C1 /* EducationSkillsView.swift */; };
		AB44EB5A27DD5405005981C1 /* ContactView.swift in Sources */ = {isa = PBXBuildFile; fileRef = AB44EB5927DD5405005981C1 /* ContactView.swift */; };
		AB44EB5C27DD5CDB005981C1 /* ContactCell.swift in Sources */ = {isa = PBXBuildFile; fileRef = AB44EB5B27DD5CDB005981C1 /* ContactCell.swift */; };
		AB7CB8C1291317C4000315CF /* SplashScreen.swift in Sources */ = {isa = PBXBuildFile; fileRef = AB7CB8C0291317C4000315CF /* SplashScreen.swift */; };
		ABCD3F662993070F0069F6C0 /* EducationSkillTitle.swift in Sources */ = {isa = PBXBuildFile; fileRef = ABCD3F652993070F0069F6C0 /* EducationSkillTitle.swift */; };
		ABCD3F68299307CF0069F6C0 /* EducationSkillItem.swift in Sources */ = {isa = PBXBuildFile; fileRef = ABCD3F67299307CF0069F6C0 /* EducationSkillItem.swift */; };
/* End PBXBuildFile section */

/* Begin PBXFileReference section */
		AB23F0EE284F469700143427 /* CareerCell.swift */ = {isa = PBXFileReference; lastKnownFileType = sourcecode.swift; path = CareerCell.swift; sourceTree = "<group>"; };
		AB34B98D290C761500BD6398 /* AboutMeViewModel.swift */ = {isa = PBXFileReference; lastKnownFileType = sourcecode.swift; path = AboutMeViewModel.swift; sourceTree = "<group>"; };
		AB44EB4227DD52E9005981C1 /* HeyImMario.app */ = {isa = PBXFileReference; explicitFileType = wrapper.application; includeInIndex = 0; path = HeyImMario.app; sourceTree = BUILT_PRODUCTS_DIR; };
		AB44EB4527DD52E9005981C1 /* HeyImMarioApp.swift */ = {isa = PBXFileReference; lastKnownFileType = sourcecode.swift; path = HeyImMarioApp.swift; sourceTree = "<group>"; };
		AB44EB4727DD52E9005981C1 /* ContentView.swift */ = {isa = PBXFileReference; lastKnownFileType = sourcecode.swift; path = ContentView.swift; sourceTree = "<group>"; };
		AB44EB4927DD52ED005981C1 /* Assets.xcassets */ = {isa = PBXFileReference; lastKnownFileType = folder.assetcatalog; path = Assets.xcassets; sourceTree = "<group>"; };
		AB44EB4C27DD52ED005981C1 /* Preview Assets.xcassets */ = {isa = PBXFileReference; lastKnownFileType = folder.assetcatalog; path = "Preview Assets.xcassets"; sourceTree = "<group>"; };
		AB44EB5327DD5345005981C1 /* AboutMeView.swift */ = {isa = PBXFileReference; lastKnownFileType = sourcecode.swift; path = AboutMeView.swift; sourceTree = "<group>"; };
		AB44EB5527DD53E8005981C1 /* CareerView.swift */ = {isa = PBXFileReference; lastKnownFileType = sourcecode.swift; path = CareerView.swift; sourceTree = "<group>"; };
		AB44EB5727DD5400005981C1 /* EducationSkillsView.swift */ = {isa = PBXFileReference; lastKnownFileType = sourcecode.swift; path = EducationSkillsView.swift; sourceTree = "<group>"; };
		AB44EB5927DD5405005981C1 /* ContactView.swift */ = {isa = PBXFileReference; lastKnownFileType = sourcecode.swift; path = ContactView.swift; sourceTree = "<group>"; };
		AB44EB5B27DD5CDB005981C1 /* ContactCell.swift */ = {isa = PBXFileReference; lastKnownFileType = sourcecode.swift; path = ContactCell.swift; sourceTree = "<group>"; };
		AB7CB8C0291317C4000315CF /* SplashScreen.swift */ = {isa = PBXFileReference; lastKnownFileType = sourcecode.swift; path = SplashScreen.swift; sourceTree = "<group>"; };
		ABCD3F652993070F0069F6C0 /* EducationSkillTitle.swift */ = {isa = PBXFileReference; lastKnownFileType = sourcecode.swift; path = EducationSkillTitle.swift; sourceTree = "<group>"; };
		ABCD3F67299307CF0069F6C0 /* EducationSkillItem.swift */ = {isa = PBXFileReference; lastKnownFileType = sourcecode.swift; path = EducationSkillItem.swift; sourceTree = "<group>"; };
/* End PBXFileReference section */

/* Begin PBXFrameworksBuildPhase section */
		AB44EB3F27DD52E9005981C1 /* Frameworks */ = {
			isa = PBXFrameworksBuildPhase;
			buildActionMask = 2147483647;
			files = (
			);
			runOnlyForDeploymentPostprocessing = 0;
		};
/* End PBXFrameworksBuildPhase section */

/* Begin PBXGroup section */
		AB34B985290C757C00BD6398 /* AboutMe */ = {
			isa = PBXGroup;
			children = (
				AB34B989290C75EF00BD6398 /* Models */,
				AB44EB5327DD5345005981C1 /* AboutMeView.swift */,
			);
			path = AboutMe;
			sourceTree = "<group>";
		};
		AB34B986290C758500BD6398 /* Career */ = {
			isa = PBXGroup;
			children = (
				AB7CB8C329132285000315CF /* Cells */,
				AB44EB5527DD53E8005981C1 /* CareerView.swift */,
			);
			path = Career;
			sourceTree = "<group>";
		};
		AB34B987290C759200BD6398 /* EducationAndSkills */ = {
			isa = PBXGroup;
			children = (
				ABCD3F64299306FD0069F6C0 /* Cells */,
				AB44EB5727DD5400005981C1 /* EducationSkillsView.swift */,
			);
			path = EducationAndSkills;
			sourceTree = "<group>";
		};
		AB34B988290C75A100BD6398 /* Contact */ = {
			isa = PBXGroup;
			children = (
				AB44EB5F27DD695C005981C1 /* Cells */,
				AB44EB5927DD5405005981C1 /* ContactView.swift */,
			);
			path = Contact;
			sourceTree = "<group>";
		};
		AB34B989290C75EF00BD6398 /* Models */ = {
			isa = PBXGroup;
			children = (
				AB34B98D290C761500BD6398 /* AboutMeViewModel.swift */,
			);
			path = Models;
			sourceTree = "<group>";
		};
		AB44EB3927DD52E8005981C1 = {
			isa = PBXGroup;
			children = (
				AB44EB4427DD52E9005981C1 /* HeyImMario */,
				AB44EB4327DD52E9005981C1 /* Products */,
			);
			sourceTree = "<group>";
		};
		AB44EB4327DD52E9005981C1 /* Products */ = {
			isa = PBXGroup;
			children = (
				AB44EB4227DD52E9005981C1 /* HeyImMario.app */,
			);
			name = Products;
			sourceTree = "<group>";
		};
		AB44EB4427DD52E9005981C1 /* HeyImMario */ = {
			isa = PBXGroup;
			children = (
				AB44EB5D27DD6937005981C1 /* CoreApp */,
				AB44EB5E27DD6944005981C1 /* Views */,
				AB44EB4927DD52ED005981C1 /* Assets.xcassets */,
				AB44EB4B27DD52ED005981C1 /* Preview Content */,
			);
			path = HeyImMario;
			sourceTree = "<group>";
		};
		AB44EB4B27DD52ED005981C1 /* Preview Content */ = {
			isa = PBXGroup;
			children = (
				AB44EB4C27DD52ED005981C1 /* Preview Assets.xcassets */,
			);
			path = "Preview Content";
			sourceTree = "<group>";
		};
		AB44EB5D27DD6937005981C1 /* CoreApp */ = {
			isa = PBXGroup;
			children = (
				AB44EB4527DD52E9005981C1 /* HeyImMarioApp.swift */,
				AB44EB4727DD52E9005981C1 /* ContentView.swift */,
			);
			path = CoreApp;
			sourceTree = "<group>";
		};
		AB44EB5E27DD6944005981C1 /* Views */ = {
			isa = PBXGroup;
			children = (
				AB7CB8BF291317B2000315CF /* SplashScreen */,
				AB34B985290C757C00BD6398 /* AboutMe */,
				AB34B987290C759200BD6398 /* EducationAndSkills */,
				AB34B986290C758500BD6398 /* Career */,
				AB34B988290C75A100BD6398 /* Contact */,
			);
			path = Views;
			sourceTree = "<group>";
		};
		AB44EB5F27DD695C005981C1 /* Cells */ = {
			isa = PBXGroup;
			children = (
				AB44EB5B27DD5CDB005981C1 /* ContactCell.swift */,
			);
			path = Cells;
			sourceTree = "<group>";
		};
		AB7CB8BF291317B2000315CF /* SplashScreen */ = {
			isa = PBXGroup;
			children = (
				AB7CB8C0291317C4000315CF /* SplashScreen.swift */,
			);
			path = SplashScreen;
			sourceTree = "<group>";
		};
		AB7CB8C329132285000315CF /* Cells */ = {
			isa = PBXGroup;
			children = (
				AB23F0EE284F469700143427 /* CareerCell.swift */,
			);
			path = Cells;
			sourceTree = "<group>";
		};
		ABCD3F64299306FD0069F6C0 /* Cells */ = {
			isa = PBXGroup;
			children = (
				ABCD3F652993070F0069F6C0 /* EducationSkillTitle.swift */,
				ABCD3F67299307CF0069F6C0 /* EducationSkillItem.swift */,
			);
			path = Cells;
			sourceTree = "<group>";
		};
/* End PBXGroup section */

/* Begin PBXNativeTarget section */
		AB44EB4127DD52E9005981C1 /* HeyImMario */ = {
			isa = PBXNativeTarget;
			buildConfigurationList = AB44EB5027DD52ED005981C1 /* Build configuration list for PBXNativeTarget "HeyImMario" */;
			buildPhases = (
				AB44EB3E27DD52E9005981C1 /* Sources */,
				AB44EB3F27DD52E9005981C1 /* Frameworks */,
				AB44EB4027DD52E9005981C1 /* Resources */,
			);
			buildRules = (
			);
			dependencies = (
			);
			name = HeyImMario;
			productName = HeyImMario;
			productReference = AB44EB4227DD52E9005981C1 /* HeyImMario.app */;
			productType = "com.apple.product-type.application";
		};
/* End PBXNativeTarget section */

/* Begin PBXProject section */
		AB44EB3A27DD52E8005981C1 /* Project object */ = {
			isa = PBXProject;
			attributes = {
				BuildIndependentTargetsInParallel = 1;
				LastSwiftUpdateCheck = 1320;
				LastUpgradeCheck = 1320;
				TargetAttributes = {
					AB44EB4127DD52E9005981C1 = {
						CreatedOnToolsVersion = 13.2.1;
					};
				};
			};
			buildConfigurationList = AB44EB3D27DD52E8005981C1 /* Build configuration list for PBXProject "HeyImMario" */;
			compatibilityVersion = "Xcode 13.0";
			developmentRegion = en;
			hasScannedForEncodings = 0;
			knownRegions = (
				en,
				Base,
			);
			mainGroup = AB44EB3927DD52E8005981C1;
			productRefGroup = AB44EB4327DD52E9005981C1 /* Products */;
			projectDirPath = "";
			projectRoot = "";
			targets = (
				AB44EB4127DD52E9005981C1 /* HeyImMario */,
			);
		};
/* End PBXProject section */

/* Begin PBXResourcesBuildPhase section */
		AB44EB4027DD52E9005981C1 /* Resources */ = {
			isa = PBXResourcesBuildPhase;
			buildActionMask = 2147483647;
			files = (
				AB44EB4D27DD52ED005981C1 /* Preview Assets.xcassets in Resources */,
				AB44EB4A27DD52ED005981C1 /* Assets.xcassets in Resources */,
			);
			runOnlyForDeploymentPostprocessing = 0;
		};
/* End PBXResourcesBuildPhase section */

/* Begin PBXSourcesBuildPhase section */
		AB44EB3E27DD52E9005981C1 /* Sources */ = {
			isa = PBXSourcesBuildPhase;
			buildActionMask = 2147483647;
			files = (
				AB7CB8C1291317C4000315CF /* SplashScreen.swift in Sources */,
				ABCD3F662993070F0069F6C0 /* EducationSkillTitle.swift in Sources */,
				AB44EB5A27DD5405005981C1 /* ContactView.swift in Sources */,
				AB44EB4827DD52E9005981C1 /* ContentView.swift in Sources */,
				AB44EB5827DD5400005981C1 /* EducationSkillsView.swift in Sources */,
				AB44EB5627DD53E8005981C1 /* CareerView.swift in Sources */,
				AB44EB5427DD5345005981C1 /* AboutMeView.swift in Sources */,
				AB34B98E290C761500BD6398 /* AboutMeViewModel.swift in Sources */,
				AB23F0EF284F469700143427 /* CareerCell.swift in Sources */,
				ABCD3F68299307CF0069F6C0 /* EducationSkillItem.swift in Sources */,
				AB44EB5C27DD5CDB005981C1 /* ContactCell.swift in Sources */,
				AB44EB4627DD52E9005981C1 /* HeyImMarioApp.swift in Sources */,
			);
			runOnlyForDeploymentPostprocessing = 0;
		};
/* End PBXSourcesBuildPhase section */

/* Begin XCBuildConfiguration section */
		AB44EB4E27DD52ED005981C1 /* Debug */ = {
			isa = XCBuildConfiguration;
			buildSettings = {
				ALWAYS_SEARCH_USER_PATHS = NO;
				CLANG_ANALYZER_NONNULL = YES;
				CLANG_ANALYZER_NUMBER_OBJECT_CONVERSION = YES_AGGRESSIVE;
				CLANG_CXX_LANGUAGE_STANDARD = "gnu++17";
				CLANG_CXX_LIBRARY = "libc++";
				CLANG_ENABLE_MODULES = YES;
				CLANG_ENABLE_OBJC_ARC = YES;
				CLANG_ENABLE_OBJC_WEAK = YES;
				CLANG_WARN_BLOCK_CAPTURE_AUTORELEASING = YES;
				CLANG_WARN_BOOL_CONVERSION = YES;
				CLANG_WARN_COMMA = YES;
				CLANG_WARN_CONSTANT_CONVERSION = YES;
				CLANG_WARN_DEPRECATED_OBJC_IMPLEMENTATIONS = YES;
				CLANG_WARN_DIRECT_OBJC_ISA_USAGE = YES_ERROR;
				CLANG_WARN_DOCUMENTATION_COMMENTS = YES;
				CLANG_WARN_EMPTY_BODY = YES;
				CLANG_WARN_ENUM_CONVERSION = YES;
				CLANG_WARN_INFINITE_RECURSION = YES;
				CLANG_WARN_INT_CONVERSION = YES;
				CLANG_WARN_NON_LITERAL_NULL_CONVERSION = YES;
				CLANG_WARN_OBJC_IMPLICIT_RETAIN_SELF = YES;
				CLANG_WARN_OBJC_LITERAL_CONVERSION = YES;
				CLANG_WARN_OBJC_ROOT_CLASS = YES_ERROR;
				CLANG_WARN_QUOTED_INCLUDE_IN_FRAMEWORK_HEADER = YES;
				CLANG_WARN_RANGE_LOOP_ANALYSIS = YES;
				CLANG_WARN_STRICT_PROTOTYPES = YES;
				CLANG_WARN_SUSPICIOUS_MOVE = YES;
				CLANG_WARN_UNGUARDED_AVAILABILITY = YES_AGGRESSIVE;
				CLANG_WARN_UNREACHABLE_CODE = YES;
				CLANG_WARN__DUPLICATE_METHOD_MATCH = YES;
				COPY_PHASE_STRIP = NO;
				DEBUG_INFORMATION_FORMAT = dwarf;
				ENABLE_STRICT_OBJC_MSGSEND = YES;
				ENABLE_TESTABILITY = YES;
				GCC_C_LANGUAGE_STANDARD = gnu11;
				GCC_DYNAMIC_NO_PIC = NO;
				GCC_NO_COMMON_BLOCKS = YES;
				GCC_OPTIMIZATION_LEVEL = 0;
				GCC_PREPROCESSOR_DEFINITIONS = (
					"DEBUG=1",
					"$(inherited)",
				);
				GCC_WARN_64_TO_32_BIT_CONVERSION = YES;
				GCC_WARN_ABOUT_RETURN_TYPE = YES_ERROR;
				GCC_WARN_UNDECLARED_SELECTOR = YES;
				GCC_WARN_UNINITIALIZED_AUTOS = YES_AGGRESSIVE;
				GCC_WARN_UNUSED_FUNCTION = YES;
				GCC_WARN_UNUSED_VARIABLE = YES;
				IPHONEOS_DEPLOYMENT_TARGET = 15.2;
				MTL_ENABLE_DEBUG_INFO = INCLUDE_SOURCE;
				MTL_FAST_MATH = YES;
				ONLY_ACTIVE_ARCH = YES;
				SDKROOT = iphoneos;
				SWIFT_ACTIVE_COMPILATION_CONDITIONS = DEBUG;
				SWIFT_OPTIMIZATION_LEVEL = "-Onone";
			};
			name = Debug;
		};
		AB44EB4F27DD52ED005981C1 /* Release */ = {
			isa = XCBuildConfiguration;
			buildSettings = {
				ALWAYS_SEARCH_USER_PATHS = NO;
				CLANG_ANALYZER_NONNULL = YES;
				CLANG_ANALYZER_NUMBER_OBJECT_CONVERSION = YES_AGGRESSIVE;
				CLANG_CXX_LANGUAGE_STANDARD = "gnu++17";
				CLANG_CXX_LIBRARY = "libc++";
				CLANG_ENABLE_MODULES = YES;
				CLANG_ENABLE_OBJC_ARC = YES;
				CLANG_ENABLE_OBJC_WEAK = YES;
				CLANG_WARN_BLOCK_CAPTURE_AUTORELEASING = YES;
				CLANG_WARN_BOOL_CONVERSION = YES;
				CLANG_WARN_COMMA = YES;
				CLANG_WARN_CONSTANT_CONVERSION = YES;
				CLANG_WARN_DEPRECATED_OBJC_IMPLEMENTATIONS = YES;
				CLANG_WARN_DIRECT_OBJC_ISA_USAGE = YES_ERROR;
				CLANG_WARN_DOCUMENTATION_COMMENTS = YES;
				CLANG_WARN_EMPTY_BODY = YES;
				CLANG_WARN_ENUM_CONVERSION = YES;
				CLANG_WARN_INFINITE_RECURSION = YES;
				CLANG_WARN_INT_CONVERSION = YES;
				CLANG_WARN_NON_LITERAL_NULL_CONVERSION = YES;
				CLANG_WARN_OBJC_IMPLICIT_RETAIN_SELF = YES;
				CLANG_WARN_OBJC_LITERAL_CONVERSION = YES;
				CLANG_WARN_OBJC_ROOT_CLASS = YES_ERROR;
				CLANG_WARN_QUOTED_INCLUDE_IN_FRAMEWORK_HEADER = YES;
				CLANG_WARN_RANGE_LOOP_ANALYSIS = YES;
				CLANG_WARN_STRICT_PROTOTYPES = YES;
				CLANG_WARN_SUSPICIOUS_MOVE = YES;
				CLANG_WARN_UNGUARDED_AVAILABILITY = YES_AGGRESSIVE;
				CLANG_WARN_UNREACHABLE_CODE = YES;
				CLANG_WARN__DUPLICATE_METHOD_MATCH = YES;
				COPY_PHASE_STRIP = NO;
				DEBUG_INFORMATION_FORMAT = "dwarf-with-dsym";
				ENABLE_NS_ASSERTIONS = NO;
				ENABLE_STRICT_OBJC_MSGSEND = YES;
				GCC_C_LANGUAGE_STANDARD = gnu11;
				GCC_NO_COMMON_BLOCKS = YES;
				GCC_WARN_64_TO_32_BIT_CONVERSION = YES;
				GCC_WARN_ABOUT_RETURN_TYPE = YES_ERROR;
				GCC_WARN_UNDECLARED_SELECTOR = YES;
				GCC_WARN_UNINITIALIZED_AUTOS = YES_AGGRESSIVE;
				GCC_WARN_UNUSED_FUNCTION = YES;
				GCC_WARN_UNUSED_VARIABLE = YES;
				IPHONEOS_DEPLOYMENT_TARGET = 15.2;
				MTL_ENABLE_DEBUG_INFO = NO;
				MTL_FAST_MATH = YES;
				SDKROOT = iphoneos;
				SWIFT_COMPILATION_MODE = wholemodule;
				SWIFT_OPTIMIZATION_LEVEL = "-O";
				VALIDATE_PRODUCT = YES;
			};
			name = Release;
		};
		AB44EB5127DD52ED005981C1 /* Debug */ = {
			isa = XCBuildConfiguration;
			buildSettings = {
				ASSETCATALOG_COMPILER_APPICON_NAME = AppIcon;
				ASSETCATALOG_COMPILER_GLOBAL_ACCENT_COLOR_NAME = AccentColor;
				CODE_SIGN_STYLE = Automatic;
				CURRENT_PROJECT_VERSION = 1;
				DEVELOPMENT_ASSET_PATHS = "\"HeyImMario/Preview Content\"";
				DEVELOPMENT_TEAM = AVS58LAT4C;
				ENABLE_PREVIEWS = YES;
				GENERATE_INFOPLIST_FILE = YES;
				INFOPLIST_KEY_UIApplicationSceneManifest_Generation = YES;
				INFOPLIST_KEY_UIApplicationSupportsIndirectInputEvents = YES;
				INFOPLIST_KEY_UILaunchScreen_Generation = YES;
				INFOPLIST_KEY_UISupportedInterfaceOrientations_iPad = "UIInterfaceOrientationPortrait UIInterfaceOrientationPortraitUpsideDown UIInterfaceOrientationLandscapeLeft UIInterfaceOrientationLandscapeRight";
				INFOPLIST_KEY_UISupportedInterfaceOrientations_iPhone = "UIInterfaceOrientationPortrait UIInterfaceOrientationLandscapeLeft UIInterfaceOrientationLandscapeRight";
				LD_RUNPATH_SEARCH_PATHS = (
					"$(inherited)",
					"@executable_path/Frameworks",
				);
				MARKETING_VERSION = 1.0;
				PRODUCT_BUNDLE_IDENTIFIER = MhcDev.HeyImMario;
				PRODUCT_NAME = "$(TARGET_NAME)";
				SWIFT_EMIT_LOC_STRINGS = YES;
				SWIFT_VERSION = 5.0;
				TARGETED_DEVICE_FAMILY = "1,2";
			};
			name = Debug;
		};
		AB44EB5227DD52ED005981C1 /* Release */ = {
			isa = XCBuildConfiguration;
			buildSettings = {
				ASSETCATALOG_COMPILER_APPICON_NAME = AppIcon;
				ASSETCATALOG_COMPILER_GLOBAL_ACCENT_COLOR_NAME = AccentColor;
				CODE_SIGN_STYLE = Automatic;
				CURRENT_PROJECT_VERSION = 1;
				DEVELOPMENT_ASSET_PATHS = "\"HeyImMario/Preview Content\"";
				DEVELOPMENT_TEAM = AVS58LAT4C;
				ENABLE_PREVIEWS = YES;
				GENERATE_INFOPLIST_FILE = YES;
				INFOPLIST_KEY_UIApplicationSceneManifest_Generation = YES;
				INFOPLIST_KEY_UIApplicationSupportsIndirectInputEvents = YES;
				INFOPLIST_KEY_UILaunchScreen_Generation = YES;
				INFOPLIST_KEY_UISupportedInterfaceOrientations_iPad = "UIInterfaceOrientationPortrait UIInterfaceOrientationPortraitUpsideDown UIInterfaceOrientationLandscapeLeft UIInterfaceOrientationLandscapeRight";
				INFOPLIST_KEY_UISupportedInterfaceOrientations_iPhone = "UIInterfaceOrientationPortrait UIInterfaceOrientationLandscapeLeft UIInterfaceOrientationLandscapeRight";
				LD_RUNPATH_SEARCH_PATHS = (
					"$(inherited)",
					"@executable_path/Frameworks",
				);
				MARKETING_VERSION = 1.0;
				PRODUCT_BUNDLE_IDENTIFIER = MhcDev.HeyImMario;
				PRODUCT_NAME = "$(TARGET_NAME)";
				SWIFT_EMIT_LOC_STRINGS = YES;
				SWIFT_VERSION = 5.0;
				TARGETED_DEVICE_FAMILY = "1,2";
			};
			name = Release;
		};
/* End XCBuildConfiguration section */

/* Begin XCConfigurationList section */
		AB44EB3D27DD52E8005981C1 /* Build configuration list for PBXProject "HeyImMario" */ = {
			isa = XCConfigurationList;
			buildConfigurations = (
				AB44EB4E27DD52ED005981C1 /* Debug */,
				AB44EB4F27DD52ED005981C1 /* Release */,
			);
			defaultConfigurationIsVisible = 0;
			defaultConfigurationName = Release;
		};
		AB44EB5027DD52ED005981C1 /* Build configuration list for PBXNativeTarget "HeyImMario" */ = {
			isa = XCConfigurationList;
			buildConfigurations = (
				AB44EB5127DD52ED005981C1 /* Debug */,
				AB44EB5227DD52ED005981C1 /* Release */,
			);
			defaultConfigurationIsVisible = 0;
			defaultConfigurationName = Release;
		};
/* End XCConfigurationList section */
	};
	rootObject = AB44EB3A27DD52E8005981C1 /* Project object */;
}
